// !$*UTF8*$!
{
	archiveVersion = 1;
	classes = {
	};
	objectVersion = 46;
	objects = {

/* Begin PBXBuildFile section */
		583AEBCF1D09D69B0036BED7 /* libglfw3.a in Frameworks */ = {isa = PBXBuildFile; fileRef = 583AEBCE1D09D69B0036BED7 /* libglfw3.a */; };
		583AEBD11D09D7E60036BED7 /* IOKit.framework in Frameworks */ = {isa = PBXBuildFile; fileRef = 583AEBD01D09D7E60036BED7 /* IOKit.framework */; };
		583AEBD31D09D7EC0036BED7 /* OpenGL.framework in Frameworks */ = {isa = PBXBuildFile; fileRef = 583AEBD21D09D7EC0036BED7 /* OpenGL.framework */; };
		583AEBD51D09D7F90036BED7 /* Cocoa.framework in Frameworks */ = {isa = PBXBuildFile; fileRef = 583AEBD41D09D7F90036BED7 /* Cocoa.framework */; };
		583AEBD71D09D85D0036BED7 /* CoreVideo.framework in Frameworks */ = {isa = PBXBuildFile; fileRef = 583AEBD61D09D85D0036BED7 /* CoreVideo.framework */; };
		583AEBDA1D09DFD30036BED7 /* Renderer.cpp in Sources */ = {isa = PBXBuildFile; fileRef = 583AEBD81D09DFD30036BED7 /* Renderer.cpp */; };
		583AEBE21D09F36B0036BED7 /* Utils.cpp in Sources */ = {isa = PBXBuildFile; fileRef = 583AEBE01D09F36B0036BED7 /* Utils.cpp */; };
		583AEBE61D09F6010036BED7 /* shader.vsh in CopyFiles */ = {isa = PBXBuildFile; fileRef = 583AEBDD1D09EB800036BED7 /* shader.vsh */; };
		583AEBE71D09F6010036BED7 /* shader.fsh in CopyFiles */ = {isa = PBXBuildFile; fileRef = 583AEBDE1D09EB8A0036BED7 /* shader.fsh */; };
		589FD3371D0892EB006F9376 /* main.cpp in Sources */ = {isa = PBXBuildFile; fileRef = 589FD3361D0892EB006F9376 /* main.cpp */; };
		589FD3401D089366006F9376 /* Settings.cpp in Sources */ = {isa = PBXBuildFile; fileRef = 589FD33E1D089366006F9376 /* Settings.cpp */; };
		589FD3431D089C7F006F9376 /* HeatTransferComputation.cpp in Sources */ = {isa = PBXBuildFile; fileRef = 589FD3411D089C7F006F9376 /* HeatTransferComputation.cpp */; };
		589FD3461D089DA4006F9376 /* BorderCondition.cpp in Sources */ = {isa = PBXBuildFile; fileRef = 589FD3441D089DA4006F9376 /* BorderCondition.cpp */; };
/* End PBXBuildFile section */

/* Begin PBXCopyFilesBuildPhase section */
		583AEBE51D09F5F20036BED7 /* CopyFiles */ = {
			isa = PBXCopyFilesBuildPhase;
			buildActionMask = 2147483647;
			dstPath = "";
			dstSubfolderSpec = 16;
			files = (
				583AEBE61D09F6010036BED7 /* shader.vsh in CopyFiles */,
				583AEBE71D09F6010036BED7 /* shader.fsh in CopyFiles */,
			);
			runOnlyForDeploymentPostprocessing = 0;
		};
		589FD3311D0892EB006F9376 /* CopyFiles */ = {
			isa = PBXCopyFilesBuildPhase;
			buildActionMask = 2147483647;
			dstPath = usr/share/man/man1;
			dstSubfolderSpec = 16;
			files = (
			);
			runOnlyForDeploymentPostprocessing = 1;
		};
/* End PBXCopyFilesBuildPhase section */

/* Begin PBXFileReference section */
		583AEBCB1D09D69B0036BED7 /* glfw3.h */ = {isa = PBXFileReference; fileEncoding = 4; lastKnownFileType = sourcecode.c.h; path = glfw3.h; sourceTree = "<group>"; };
		583AEBCC1D09D69B0036BED7 /* glfw3native.h */ = {isa = PBXFileReference; fileEncoding = 4; lastKnownFileType = sourcecode.c.h; path = glfw3native.h; sourceTree = "<group>"; };
		583AEBCE1D09D69B0036BED7 /* libglfw3.a */ = {isa = PBXFileReference; lastKnownFileType = archive.ar; path = libglfw3.a; sourceTree = "<group>"; };
		583AEBD01D09D7E60036BED7 /* IOKit.framework */ = {isa = PBXFileReference; lastKnownFileType = wrapper.framework; name = IOKit.framework; path = System/Library/Frameworks/IOKit.framework; sourceTree = SDKROOT; };
		583AEBD21D09D7EC0036BED7 /* OpenGL.framework */ = {isa = PBXFileReference; lastKnownFileType = wrapper.framework; name = OpenGL.framework; path = System/Library/Frameworks/OpenGL.framework; sourceTree = SDKROOT; };
		583AEBD41D09D7F90036BED7 /* Cocoa.framework */ = {isa = PBXFileReference; lastKnownFileType = wrapper.framework; name = Cocoa.framework; path = System/Library/Frameworks/Cocoa.framework; sourceTree = SDKROOT; };
		583AEBD61D09D85D0036BED7 /* CoreVideo.framework */ = {isa = PBXFileReference; lastKnownFileType = wrapper.framework; name = CoreVideo.framework; path = System/Library/Frameworks/CoreVideo.framework; sourceTree = SDKROOT; };
		583AEBD81D09DFD30036BED7 /* Renderer.cpp */ = {isa = PBXFileReference; fileEncoding = 4; lastKnownFileType = sourcecode.cpp.cpp; path = Renderer.cpp; sourceTree = "<group>"; };
		583AEBD91D09DFD30036BED7 /* Renderer.hpp */ = {isa = PBXFileReference; fileEncoding = 4; lastKnownFileType = sourcecode.cpp.h; path = Renderer.hpp; sourceTree = "<group>"; };
		583AEBDB1D09E1280036BED7 /* CommonTypes.h */ = {isa = PBXFileReference; lastKnownFileType = sourcecode.c.h; path = CommonTypes.h; sourceTree = "<group>"; };
		583AEBDD1D09EB800036BED7 /* shader.vsh */ = {isa = PBXFileReference; fileEncoding = 4; lastKnownFileType = sourcecode.glsl; path = shader.vsh; sourceTree = "<group>"; };
		583AEBDE1D09EB8A0036BED7 /* shader.fsh */ = {isa = PBXFileReference; fileEncoding = 4; lastKnownFileType = sourcecode.glsl; path = shader.fsh; sourceTree = "<group>"; };
		583AEBE01D09F36B0036BED7 /* Utils.cpp */ = {isa = PBXFileReference; fileEncoding = 4; lastKnownFileType = sourcecode.cpp.cpp; path = Utils.cpp; sourceTree = "<group>"; };
		583AEBE11D09F36B0036BED7 /* Utils.hpp */ = {isa = PBXFileReference; fileEncoding = 4; lastKnownFileType = sourcecode.cpp.h; path = Utils.hpp; sourceTree = "<group>"; };
		589FD3331D0892EB006F9376 /* HeatEquation */ = {isa = PBXFileReference; explicitFileType = "compiled.mach-o.executable"; includeInIndex = 0; path = HeatEquation; sourceTree = BUILT_PRODUCTS_DIR; };
		589FD3361D0892EB006F9376 /* main.cpp */ = {isa = PBXFileReference; lastKnownFileType = sourcecode.cpp.cpp; path = main.cpp; sourceTree = "<group>"; };
		589FD33E1D089366006F9376 /* Settings.cpp */ = {isa = PBXFileReference; fileEncoding = 4; lastKnownFileType = sourcecode.cpp.cpp; path = Settings.cpp; sourceTree = "<group>"; };
		589FD33F1D089366006F9376 /* Settings.hpp */ = {isa = PBXFileReference; fileEncoding = 4; lastKnownFileType = sourcecode.cpp.h; path = Settings.hpp; sourceTree = "<group>"; };
		589FD3411D089C7F006F9376 /* HeatTransferComputation.cpp */ = {isa = PBXFileReference; fileEncoding = 4; lastKnownFileType = sourcecode.cpp.cpp; path = HeatTransferComputation.cpp; sourceTree = "<group>"; };
		589FD3421D089C7F006F9376 /* HeatTransferComputation.hpp */ = {isa = PBXFileReference; fileEncoding = 4; lastKnownFileType = sourcecode.cpp.h; path = HeatTransferComputation.hpp; sourceTree = "<group>"; };
		589FD3441D089DA4006F9376 /* BorderCondition.cpp */ = {isa = PBXFileReference; fileEncoding = 4; lastKnownFileType = sourcecode.cpp.cpp; path = BorderCondition.cpp; sourceTree = "<group>"; };
		589FD3451D089DA4006F9376 /* BorderCondition.hpp */ = {isa = PBXFileReference; fileEncoding = 4; lastKnownFileType = sourcecode.cpp.h; path = BorderCondition.hpp; sourceTree = "<group>"; };
/* End PBXFileReference section */

/* Begin PBXFrameworksBuildPhase section */
		589FD3301D0892EB006F9376 /* Frameworks */ = {
			isa = PBXFrameworksBuildPhase;
			buildActionMask = 2147483647;
			files = (
				583AEBD71D09D85D0036BED7 /* CoreVideo.framework in Frameworks */,
				583AEBD51D09D7F90036BED7 /* Cocoa.framework in Frameworks */,
				583AEBD31D09D7EC0036BED7 /* OpenGL.framework in Frameworks */,
				583AEBD11D09D7E60036BED7 /* IOKit.framework in Frameworks */,
				583AEBCF1D09D69B0036BED7 /* libglfw3.a in Frameworks */,
			);
			runOnlyForDeploymentPostprocessing = 0;
		};
/* End PBXFrameworksBuildPhase section */

/* Begin PBXGroup section */
		583AEBC91D09D69B0036BED7 /* include */ = {
			isa = PBXGroup;
			children = (
				583AEBCA1D09D69B0036BED7 /* GLFW */,
			);
			name = include;
			path = HeatEquation/include;
			sourceTree = "<group>";
		};
		583AEBCA1D09D69B0036BED7 /* GLFW */ = {
			isa = PBXGroup;
			children = (
				583AEBCB1D09D69B0036BED7 /* glfw3.h */,
				583AEBCC1D09D69B0036BED7 /* glfw3native.h */,
			);
			path = GLFW;
			sourceTree = "<group>";
		};
		583AEBCD1D09D69B0036BED7 /* lib */ = {
			isa = PBXGroup;
			children = (
				583AEBCE1D09D69B0036BED7 /* libglfw3.a */,
			);
			name = lib;
			path = HeatEquation/lib;
			sourceTree = "<group>";
		};
		583AEBDC1D09EB580036BED7 /* shaders */ = {
			isa = PBXGroup;
			children = (
				583AEBDD1D09EB800036BED7 /* shader.vsh */,
				583AEBDE1D09EB8A0036BED7 /* shader.fsh */,
			);
			path = shaders;
			sourceTree = "<group>";
		};
		583AEBDF1D09F3420036BED7 /* utils */ = {
			isa = PBXGroup;
			children = (
				583AEBE01D09F36B0036BED7 /* Utils.cpp */,
				583AEBE11D09F36B0036BED7 /* Utils.hpp */,
			);
			path = utils;
			sourceTree = "<group>";
		};
		589FD32A1D0892EB006F9376 = {
			isa = PBXGroup;
			children = (
				583AEBD61D09D85D0036BED7 /* CoreVideo.framework */,
				583AEBD41D09D7F90036BED7 /* Cocoa.framework */,
				583AEBD21D09D7EC0036BED7 /* OpenGL.framework */,
				583AEBD01D09D7E60036BED7 /* IOKit.framework */,
				583AEBC91D09D69B0036BED7 /* include */,
				583AEBCD1D09D69B0036BED7 /* lib */,
				589FD3351D0892EB006F9376 /* HeatEquation */,
				589FD3341D0892EB006F9376 /* Products */,
			);
			sourceTree = "<group>";
		};
		589FD3341D0892EB006F9376 /* Products */ = {
			isa = PBXGroup;
			children = (
				589FD3331D0892EB006F9376 /* HeatEquation */,
			);
			name = Products;
			sourceTree = "<group>";
		};
		589FD3351D0892EB006F9376 /* HeatEquation */ = {
			isa = PBXGroup;
			children = (
				589FD3361D0892EB006F9376 /* main.cpp */,
				589FD33D1D08930C006F9376 /* src */,
			);
			path = HeatEquation;
			sourceTree = "<group>";
		};
		589FD33D1D08930C006F9376 /* src */ = {
			isa = PBXGroup;
			children = (
				583AEBDF1D09F3420036BED7 /* utils */,
				583AEBDC1D09EB580036BED7 /* shaders */,
				589FD33E1D089366006F9376 /* Settings.cpp */,
				589FD33F1D089366006F9376 /* Settings.hpp */,
				589FD3411D089C7F006F9376 /* HeatTransferComputation.cpp */,
				589FD3421D089C7F006F9376 /* HeatTransferComputation.hpp */,
				589FD3441D089DA4006F9376 /* BorderCondition.cpp */,
				589FD3451D089DA4006F9376 /* BorderCondition.hpp */,
				583AEBD81D09DFD30036BED7 /* Renderer.cpp */,
				583AEBD91D09DFD30036BED7 /* Renderer.hpp */,
				583AEBDB1D09E1280036BED7 /* CommonTypes.h */,
			);
			path = src;
			sourceTree = "<group>";
		};
/* End PBXGroup section */

/* Begin PBXNativeTarget section */
		589FD3321D0892EB006F9376 /* HeatEquation */ = {
			isa = PBXNativeTarget;
			buildConfigurationList = 589FD33A1D0892EB006F9376 /* Build configuration list for PBXNativeTarget "HeatEquation" */;
			buildPhases = (
				589FD32F1D0892EB006F9376 /* Sources */,
				589FD3301D0892EB006F9376 /* Frameworks */,
				589FD3311D0892EB006F9376 /* CopyFiles */,
				583AEBE51D09F5F20036BED7 /* CopyFiles */,
			);
			buildRules = (
			);
			dependencies = (
			);
			name = HeatEquation;
			productName = HeatEquation;
			productReference = 589FD3331D0892EB006F9376 /* HeatEquation */;
			productType = "com.apple.product-type.tool";
		};
/* End PBXNativeTarget section */

/* Begin PBXProject section */
		589FD32B1D0892EB006F9376 /* Project object */ = {
			isa = PBXProject;
			attributes = {
				LastUpgradeCheck = 0730;
				ORGANIZATIONNAME = rinnex;
				TargetAttributes = {
					589FD3321D0892EB006F9376 = {
						CreatedOnToolsVersion = 7.3;
					};
				};
			};
			buildConfigurationList = 589FD32E1D0892EB006F9376 /* Build configuration list for PBXProject "HeatEquation" */;
			compatibilityVersion = "Xcode 3.2";
			developmentRegion = English;
			hasScannedForEncodings = 0;
			knownRegions = (
				en,
			);
			mainGroup = 589FD32A1D0892EB006F9376;
			productRefGroup = 589FD3341D0892EB006F9376 /* Products */;
			projectDirPath = "";
			projectRoot = "";
			targets = (
				589FD3321D0892EB006F9376 /* HeatEquation */,
			);
		};
/* End PBXProject section */

/* Begin PBXSourcesBuildPhase section */
		589FD32F1D0892EB006F9376 /* Sources */ = {
			isa = PBXSourcesBuildPhase;
			buildActionMask = 2147483647;
			files = (
				589FD3401D089366006F9376 /* Settings.cpp in Sources */,
				583AEBE21D09F36B0036BED7 /* Utils.cpp in Sources */,
				583AEBDA1D09DFD30036BED7 /* Renderer.cpp in Sources */,
				589FD3461D089DA4006F9376 /* BorderCondition.cpp in Sources */,
				589FD3371D0892EB006F9376 /* main.cpp in Sources */,
				589FD3431D089C7F006F9376 /* HeatTransferComputation.cpp in Sources */,
			);
			runOnlyForDeploymentPostprocessing = 0;
		};
/* End PBXSourcesBuildPhase section */

/* Begin XCBuildConfiguration section */
		589FD3381D0892EB006F9376 /* Debug */ = {
			isa = XCBuildConfiguration;
			buildSettings = {
				ALWAYS_SEARCH_USER_PATHS = NO;
				CLANG_ANALYZER_NONNULL = YES;
				CLANG_CXX_LANGUAGE_STANDARD = "gnu++0x";
				CLANG_CXX_LIBRARY = "libc++";
				CLANG_ENABLE_MODULES = YES;
				CLANG_ENABLE_OBJC_ARC = YES;
				CLANG_WARN_BOOL_CONVERSION = YES;
				CLANG_WARN_CONSTANT_CONVERSION = YES;
				CLANG_WARN_DIRECT_OBJC_ISA_USAGE = YES_ERROR;
				CLANG_WARN_EMPTY_BODY = YES;
				CLANG_WARN_ENUM_CONVERSION = YES;
				CLANG_WARN_INT_CONVERSION = YES;
				CLANG_WARN_OBJC_ROOT_CLASS = YES_ERROR;
				CLANG_WARN_UNREACHABLE_CODE = YES;
				CLANG_WARN__DUPLICATE_METHOD_MATCH = YES;
				CODE_SIGN_IDENTITY = "-";
				COPY_PHASE_STRIP = NO;
				DEBUG_INFORMATION_FORMAT = dwarf;
				ENABLE_STRICT_OBJC_MSGSEND = YES;
				ENABLE_TESTABILITY = YES;
				GCC_C_LANGUAGE_STANDARD = gnu99;
				GCC_DYNAMIC_NO_PIC = NO;
				GCC_NO_COMMON_BLOCKS = YES;
				GCC_OPTIMIZATION_LEVEL = 0;
				GCC_PREPROCESSOR_DEFINITIONS = (
					"DEBUG=1",
					"$(inherited)",
				);
				GCC_WARN_64_TO_32_BIT_CONVERSION = YES;
				GCC_WARN_ABOUT_RETURN_TYPE = YES_ERROR;
				GCC_WARN_UNDECLARED_SELECTOR = YES;
				GCC_WARN_UNINITIALIZED_AUTOS = YES_AGGRESSIVE;
				GCC_WARN_UNUSED_FUNCTION = YES;
				GCC_WARN_UNUSED_VARIABLE = YES;
				MACOSX_DEPLOYMENT_TARGET = 10.11;
				MTL_ENABLE_DEBUG_INFO = YES;
				ONLY_ACTIVE_ARCH = YES;
				SDKROOT = macosx;
			};
			name = Debug;
		};
		589FD3391D0892EB006F9376 /* Release */ = {
			isa = XCBuildConfiguration;
			buildSettings = {
				ALWAYS_SEARCH_USER_PATHS = NO;
				CLANG_ANALYZER_NONNULL = YES;
				CLANG_CXX_LANGUAGE_STANDARD = "gnu++0x";
				CLANG_CXX_LIBRARY = "libc++";
				CLANG_ENABLE_MODULES = YES;
				CLANG_ENABLE_OBJC_ARC = YES;
				CLANG_WARN_BOOL_CONVERSION = YES;
				CLANG_WARN_CONSTANT_CONVERSION = YES;
				CLANG_WARN_DIRECT_OBJC_ISA_USAGE = YES_ERROR;
				CLANG_WARN_EMPTY_BODY = YES;
				CLANG_WARN_ENUM_CONVERSION = YES;
				CLANG_WARN_INT_CONVERSION = YES;
				CLANG_WARN_OBJC_ROOT_CLASS = YES_ERROR;
				CLANG_WARN_UNREACHABLE_CODE = YES;
				CLANG_WARN__DUPLICATE_METHOD_MATCH = YES;
				CODE_SIGN_IDENTITY = "-";
				COPY_PHASE_STRIP = NO;
				DEBUG_INFORMATION_FORMAT = "dwarf-with-dsym";
				ENABLE_NS_ASSERTIONS = NO;
				ENABLE_STRICT_OBJC_MSGSEND = YES;
				GCC_C_LANGUAGE_STANDARD = gnu99;
				GCC_NO_COMMON_BLOCKS = YES;
				GCC_WARN_64_TO_32_BIT_CONVERSION = YES;
				GCC_WARN_ABOUT_RETURN_TYPE = YES_ERROR;
				GCC_WARN_UNDECLARED_SELECTOR = YES;
				GCC_WARN_UNINITIALIZED_AUTOS = YES_AGGRESSIVE;
				GCC_WARN_UNUSED_FUNCTION = YES;
				GCC_WARN_UNUSED_VARIABLE = YES;
				MACOSX_DEPLOYMENT_TARGET = 10.11;
				MTL_ENABLE_DEBUG_INFO = NO;
				SDKROOT = macosx;
			};
			name = Release;
		};
		589FD33B1D0892EB006F9376 /* Debug */ = {
			isa = XCBuildConfiguration;
			buildSettings = {
				ALWAYS_SEARCH_USER_PATHS = NO;
				"HEADER_SEARCH_PATHS[arch=*]" = (
					"$(PROJECT_DIR)/HeatEquation/include",
					"$(inherited)",
				);
				LIBRARY_SEARCH_PATHS = (
					"$(inherited)",
					"$(PROJECT_DIR)/HeatEquation/lib",
				);
				PRODUCT_NAME = "$(TARGET_NAME)";
			};
			name = Debug;
		};
		589FD33C1D0892EB006F9376 /* Release */ = {
			isa = XCBuildConfiguration;
			buildSettings = {
				ALWAYS_SEARCH_USER_PATHS = NO;
				"HEADER_SEARCH_PATHS[arch=*]" = "";
				LIBRARY_SEARCH_PATHS = (
					"$(inherited)",
					"$(PROJECT_DIR)/HeatEquation/lib",
				);
				PRODUCT_NAME = "$(TARGET_NAME)";
			};
			name = Release;
		};
/* End XCBuildConfiguration section */

/* Begin XCConfigurationList section */
		589FD32E1D0892EB006F9376 /* Build configuration list for PBXProject "HeatEquation" */ = {
			isa = XCConfigurationList;
			buildConfigurations = (
				589FD3381D0892EB006F9376 /* Debug */,
				589FD3391D0892EB006F9376 /* Release */,
			);
			defaultConfigurationIsVisible = 0;
			defaultConfigurationName = Release;
		};
		589FD33A1D0892EB006F9376 /* Build configuration list for PBXNativeTarget "HeatEquation" */ = {
			isa = XCConfigurationList;
			buildConfigurations = (
				589FD33B1D0892EB006F9376 /* Debug */,
				589FD33C1D0892EB006F9376 /* Release */,
			);
			defaultConfigurationIsVisible = 0;
			defaultConfigurationName = Release;
		};
/* End XCConfigurationList section */
	};
	rootObject = 589FD32B1D0892EB006F9376 /* Project object */;
}
